// !$*UTF8*$!
{
	archiveVersion = 1;
	classes = {
	};
	objectVersion = 56;
	objects = {

/* Begin PBXBuildFile section */
		B415371F2B796EBB008191FA /* InventixApp.swift in Sources */ = {isa = PBXBuildFile; fileRef = B415371E2B796EBB008191FA /* InventixApp.swift */; };
		B41537212B796EBB008191FA /* ContentView.swift in Sources */ = {isa = PBXBuildFile; fileRef = B41537202B796EBB008191FA /* ContentView.swift */; };
		B41537232B796EBE008191FA /* Assets.xcassets in Resources */ = {isa = PBXBuildFile; fileRef = B41537222B796EBE008191FA /* Assets.xcassets */; };
		B41537262B796EBE008191FA /* Preview Assets.xcassets in Resources */ = {isa = PBXBuildFile; fileRef = B41537252B796EBE008191FA /* Preview Assets.xcassets */; };
		B415372D2B796F30008191FA /* SidebarMenuOptionModel.swift in Sources */ = {isa = PBXBuildFile; fileRef = B415372C2B796F30008191FA /* SidebarMenuOptionModel.swift */; };
		B415372F2B797037008191FA /* SidebarMenuRowView.swift in Sources */ = {isa = PBXBuildFile; fileRef = B415372E2B797037008191FA /* SidebarMenuRowView.swift */; };
		B41537312B797EEB008191FA /* DashboardView.swift in Sources */ = {isa = PBXBuildFile; fileRef = B41537302B797EEB008191FA /* DashboardView.swift */; };
		B41537332B797F81008191FA /* KPIView.swift in Sources */ = {isa = PBXBuildFile; fileRef = B41537322B797F81008191FA /* KPIView.swift */; };
		B41537352B79854E008191FA /* OverviewChartView.swift in Sources */ = {isa = PBXBuildFile; fileRef = B41537342B79854E008191FA /* OverviewChartView.swift */; };
		B41537372B798826008191FA /* SaleListView.swift in Sources */ = {isa = PBXBuildFile; fileRef = B41537362B798826008191FA /* SaleListView.swift */; };
		B41537392B79AF80008191FA /* ProductListView.swift in Sources */ = {isa = PBXBuildFile; fileRef = B41537382B79AF80008191FA /* ProductListView.swift */; };
/* End PBXBuildFile section */

/* Begin PBXFileReference section */
		B415371B2B796EBB008191FA /* Inventix.app */ = {isa = PBXFileReference; explicitFileType = wrapper.application; includeInIndex = 0; path = Inventix.app; sourceTree = BUILT_PRODUCTS_DIR; };
		B415371E2B796EBB008191FA /* InventixApp.swift */ = {isa = PBXFileReference; lastKnownFileType = sourcecode.swift; path = InventixApp.swift; sourceTree = "<group>"; };
		B41537202B796EBB008191FA /* ContentView.swift */ = {isa = PBXFileReference; lastKnownFileType = sourcecode.swift; path = ContentView.swift; sourceTree = "<group>"; };
		B41537222B796EBE008191FA /* Assets.xcassets */ = {isa = PBXFileReference; lastKnownFileType = folder.assetcatalog; path = Assets.xcassets; sourceTree = "<group>"; };
		B41537252B796EBE008191FA /* Preview Assets.xcassets */ = {isa = PBXFileReference; lastKnownFileType = folder.assetcatalog; path = "Preview Assets.xcassets"; sourceTree = "<group>"; };
		B415372C2B796F30008191FA /* SidebarMenuOptionModel.swift */ = {isa = PBXFileReference; lastKnownFileType = sourcecode.swift; path = SidebarMenuOptionModel.swift; sourceTree = "<group>"; };
		B415372E2B797037008191FA /* SidebarMenuRowView.swift */ = {isa = PBXFileReference; lastKnownFileType = sourcecode.swift; path = SidebarMenuRowView.swift; sourceTree = "<group>"; };
		B41537302B797EEB008191FA /* DashboardView.swift */ = {isa = PBXFileReference; lastKnownFileType = sourcecode.swift; path = DashboardView.swift; sourceTree = "<group>"; };
		B41537322B797F81008191FA /* KPIView.swift */ = {isa = PBXFileReference; lastKnownFileType = sourcecode.swift; path = KPIView.swift; sourceTree = "<group>"; };
		B41537342B79854E008191FA /* OverviewChartView.swift */ = {isa = PBXFileReference; lastKnownFileType = sourcecode.swift; path = OverviewChartView.swift; sourceTree = "<group>"; };
		B41537362B798826008191FA /* SaleListView.swift */ = {isa = PBXFileReference; lastKnownFileType = sourcecode.swift; path = SaleListView.swift; sourceTree = "<group>"; };
		B41537382B79AF80008191FA /* ProductListView.swift */ = {isa = PBXFileReference; lastKnownFileType = sourcecode.swift; path = ProductListView.swift; sourceTree = "<group>"; };
/* End PBXFileReference section */

/* Begin PBXFrameworksBuildPhase section */
		B41537182B796EBB008191FA /* Frameworks */ = {
			isa = PBXFrameworksBuildPhase;
			buildActionMask = 2147483647;
			files = (
			);
			runOnlyForDeploymentPostprocessing = 0;
		};
/* End PBXFrameworksBuildPhase section */

/* Begin PBXGroup section */
		B41537122B796EBB008191FA = {
			isa = PBXGroup;
			children = (
				B415371D2B796EBB008191FA /* Inventix */,
				B415371C2B796EBB008191FA /* Products */,
			);
			sourceTree = "<group>";
		};
		B415371C2B796EBB008191FA /* Products */ = {
			isa = PBXGroup;
			children = (
				B415371B2B796EBB008191FA /* Inventix.app */,
			);
			name = Products;
			sourceTree = "<group>";
		};
		B415371D2B796EBB008191FA /* Inventix */ = {
			isa = PBXGroup;
			children = (
				B41537382B79AF80008191FA /* ProductListView.swift */,
				B415371E2B796EBB008191FA /* InventixApp.swift */,
				B41537202B796EBB008191FA /* ContentView.swift */,
				B41537302B797EEB008191FA /* DashboardView.swift */,
				B41537342B79854E008191FA /* OverviewChartView.swift */,
				B41537322B797F81008191FA /* KPIView.swift */,
				B41537222B796EBE008191FA /* Assets.xcassets */,
				B41537242B796EBE008191FA /* Preview Content */,
				B415372C2B796F30008191FA /* SidebarMenuOptionModel.swift */,
				B415372E2B797037008191FA /* SidebarMenuRowView.swift */,
				B41537362B798826008191FA /* SaleListView.swift */,
			);
			path = Inventix;
			sourceTree = "<group>";
		};
		B41537242B796EBE008191FA /* Preview Content */ = {
			isa = PBXGroup;
			children = (
				B41537252B796EBE008191FA /* Preview Assets.xcassets */,
			);
			path = "Preview Content";
			sourceTree = "<group>";
		};
/* End PBXGroup section */

/* Begin PBXNativeTarget section */
		B415371A2B796EBB008191FA /* Inventix */ = {
			isa = PBXNativeTarget;
			buildConfigurationList = B41537292B796EBE008191FA /* Build configuration list for PBXNativeTarget "Inventix" */;
			buildPhases = (
				B41537172B796EBB008191FA /* Sources */,
				B41537182B796EBB008191FA /* Frameworks */,
				B41537192B796EBB008191FA /* Resources */,
			);
			buildRules = (
			);
			dependencies = (
			);
			name = Inventix;
			productName = Inventix;
			productReference = B415371B2B796EBB008191FA /* Inventix.app */;
			productType = "com.apple.product-type.application";
		};
/* End PBXNativeTarget section */

/* Begin PBXProject section */
		B41537132B796EBB008191FA /* Project object */ = {
			isa = PBXProject;
			attributes = {
				BuildIndependentTargetsInParallel = 1;
				LastSwiftUpdateCheck = 1520;
				LastUpgradeCheck = 1520;
				TargetAttributes = {
					B415371A2B796EBB008191FA = {
						CreatedOnToolsVersion = 15.2;
					};
				};
			};
			buildConfigurationList = B41537162B796EBB008191FA /* Build configuration list for PBXProject "Inventix" */;
			compatibilityVersion = "Xcode 14.0";
			developmentRegion = en;
			hasScannedForEncodings = 0;
			knownRegions = (
				en,
				Base,
			);
			mainGroup = B41537122B796EBB008191FA;
			productRefGroup = B415371C2B796EBB008191FA /* Products */;
			projectDirPath = "";
			projectRoot = "";
			targets = (
				B415371A2B796EBB008191FA /* Inventix */,
			);
		};
/* End PBXProject section */

/* Begin PBXResourcesBuildPhase section */
		B41537192B796EBB008191FA /* Resources */ = {
			isa = PBXResourcesBuildPhase;
			buildActionMask = 2147483647;
			files = (
				B41537262B796EBE008191FA /* Preview Assets.xcassets in Resources */,
				B41537232B796EBE008191FA /* Assets.xcassets in Resources */,
			);
			runOnlyForDeploymentPostprocessing = 0;
		};
/* End PBXResourcesBuildPhase section */

/* Begin PBXSourcesBuildPhase section */
		B41537172B796EBB008191FA /* Sources */ = {
			isa = PBXSourcesBuildPhase;
			buildActionMask = 2147483647;
			files = (
				B41537212B796EBB008191FA /* ContentView.swift in Sources */,
				B41537372B798826008191FA /* SaleListView.swift in Sources */,
				B415372F2B797037008191FA /* SidebarMenuRowView.swift in Sources */,
				B41537312B797EEB008191FA /* DashboardView.swift in Sources */,
				B41537352B79854E008191FA /* OverviewChartView.swift in Sources */,
				B415371F2B796EBB008191FA /* InventixApp.swift in Sources */,
				B41537392B79AF80008191FA /* ProductListView.swift in Sources */,
				B415372D2B796F30008191FA /* SidebarMenuOptionModel.swift in Sources */,
				B41537332B797F81008191FA /* KPIView.swift in Sources */,
			);
			runOnlyForDeploymentPostprocessing = 0;
		};
/* End PBXSourcesBuildPhase section */

/* Begin XCBuildConfiguration section */
		B41537272B796EBE008191FA /* Debug */ = {
			isa = XCBuildConfiguration;
			buildSettings = {
				ALWAYS_SEARCH_USER_PATHS = NO;
				ASSETCATALOG_COMPILER_GENERATE_SWIFT_ASSET_SYMBOL_EXTENSIONS = YES;
				CLANG_ANALYZER_NONNULL = YES;
				CLANG_ANALYZER_NUMBER_OBJECT_CONVERSION = YES_AGGRESSIVE;
				CLANG_CXX_LANGUAGE_STANDARD = "gnu++20";
				CLANG_ENABLE_MODULES = YES;
				CLANG_ENABLE_OBJC_ARC = YES;
				CLANG_ENABLE_OBJC_WEAK = YES;
				CLANG_WARN_BLOCK_CAPTURE_AUTORELEASING = YES;
				CLANG_WARN_BOOL_CONVERSION = YES;
				CLANG_WARN_COMMA = YES;
				CLANG_WARN_CONSTANT_CONVERSION = YES;
				CLANG_WARN_DEPRECATED_OBJC_IMPLEMENTATIONS = YES;
				CLANG_WARN_DIRECT_OBJC_ISA_USAGE = YES_ERROR;
				CLANG_WARN_DOCUMENTATION_COMMENTS = YES;
				CLANG_WARN_EMPTY_BODY = YES;
				CLANG_WARN_ENUM_CONVERSION = YES;
				CLANG_WARN_INFINITE_RECURSION = YES;
				CLANG_WARN_INT_CONVERSION = YES;
				CLANG_WARN_NON_LITERAL_NULL_CONVERSION = YES;
				CLANG_WARN_OBJC_IMPLICIT_RETAIN_SELF = YES;
				CLANG_WARN_OBJC_LITERAL_CONVERSION = YES;
				CLANG_WARN_OBJC_ROOT_CLASS = YES_ERROR;
				CLANG_WARN_QUOTED_INCLUDE_IN_FRAMEWORK_HEADER = YES;
				CLANG_WARN_RANGE_LOOP_ANALYSIS = YES;
				CLANG_WARN_STRICT_PROTOTYPES = YES;
				CLANG_WARN_SUSPICIOUS_MOVE = YES;
				CLANG_WARN_UNGUARDED_AVAILABILITY = YES_AGGRESSIVE;
				CLANG_WARN_UNREACHABLE_CODE = YES;
				CLANG_WARN__DUPLICATE_METHOD_MATCH = YES;
				COPY_PHASE_STRIP = NO;
				DEBUG_INFORMATION_FORMAT = dwarf;
				ENABLE_STRICT_OBJC_MSGSEND = YES;
				ENABLE_TESTABILITY = YES;
				ENABLE_USER_SCRIPT_SANDBOXING = YES;
				GCC_C_LANGUAGE_STANDARD = gnu17;
				GCC_DYNAMIC_NO_PIC = NO;
				GCC_NO_COMMON_BLOCKS = YES;
				GCC_OPTIMIZATION_LEVEL = 0;
				GCC_PREPROCESSOR_DEFINITIONS = (
					"DEBUG=1",
					"$(inherited)",
				);
				GCC_WARN_64_TO_32_BIT_CONVERSION = YES;
				GCC_WARN_ABOUT_RETURN_TYPE = YES_ERROR;
				GCC_WARN_UNDECLARED_SELECTOR = YES;
				GCC_WARN_UNINITIALIZED_AUTOS = YES_AGGRESSIVE;
				GCC_WARN_UNUSED_FUNCTION = YES;
				GCC_WARN_UNUSED_VARIABLE = YES;
				IPHONEOS_DEPLOYMENT_TARGET = 17.2;
				LOCALIZATION_PREFERS_STRING_CATALOGS = YES;
				MTL_ENABLE_DEBUG_INFO = INCLUDE_SOURCE;
				MTL_FAST_MATH = YES;
				ONLY_ACTIVE_ARCH = YES;
				SDKROOT = iphoneos;
				SWIFT_ACTIVE_COMPILATION_CONDITIONS = "DEBUG $(inherited)";
				SWIFT_OPTIMIZATION_LEVEL = "-Onone";
			};
			name = Debug;
		};
		B41537282B796EBE008191FA /* Release */ = {
			isa = XCBuildConfiguration;
			buildSettings = {
				ALWAYS_SEARCH_USER_PATHS = NO;
				ASSETCATALOG_COMPILER_GENERATE_SWIFT_ASSET_SYMBOL_EXTENSIONS = YES;
				CLANG_ANALYZER_NONNULL = YES;
				CLANG_ANALYZER_NUMBER_OBJECT_CONVERSION = YES_AGGRESSIVE;
				CLANG_CXX_LANGUAGE_STANDARD = "gnu++20";
				CLANG_ENABLE_MODULES = YES;
				CLANG_ENABLE_OBJC_ARC = YES;
				CLANG_ENABLE_OBJC_WEAK = YES;
				CLANG_WARN_BLOCK_CAPTURE_AUTORELEASING = YES;
				CLANG_WARN_BOOL_CONVERSION = YES;
				CLANG_WARN_COMMA = YES;
				CLANG_WARN_CONSTANT_CONVERSION = YES;
				CLANG_WARN_DEPRECATED_OBJC_IMPLEMENTATIONS = YES;
				CLANG_WARN_DIRECT_OBJC_ISA_USAGE = YES_ERROR;
				CLANG_WARN_DOCUMENTATION_COMMENTS = YES;
				CLANG_WARN_EMPTY_BODY = YES;
				CLANG_WARN_ENUM_CONVERSION = YES;
				CLANG_WARN_INFINITE_RECURSION = YES;
				CLANG_WARN_INT_CONVERSION = YES;
				CLANG_WARN_NON_LITERAL_NULL_CONVERSION = YES;
				CLANG_WARN_OBJC_IMPLICIT_RETAIN_SELF = YES;
				CLANG_WARN_OBJC_LITERAL_CONVERSION = YES;
				CLANG_WARN_OBJC_ROOT_CLASS = YES_ERROR;
				CLANG_WARN_QUOTED_INCLUDE_IN_FRAMEWORK_HEADER = YES;
				CLANG_WARN_RANGE_LOOP_ANALYSIS = YES;
				CLANG_WARN_STRICT_PROTOTYPES = YES;
				CLANG_WARN_SUSPICIOUS_MOVE = YES;
				CLANG_WARN_UNGUARDED_AVAILABILITY = YES_AGGRESSIVE;
				CLANG_WARN_UNREACHABLE_CODE = YES;
				CLANG_WARN__DUPLICATE_METHOD_MATCH = YES;
				COPY_PHASE_STRIP = NO;
				DEBUG_INFORMATION_FORMAT = "dwarf-with-dsym";
				ENABLE_NS_ASSERTIONS = NO;
				ENABLE_STRICT_OBJC_MSGSEND = YES;
				ENABLE_USER_SCRIPT_SANDBOXING = YES;
				GCC_C_LANGUAGE_STANDARD = gnu17;
				GCC_NO_COMMON_BLOCKS = YES;
				GCC_WARN_64_TO_32_BIT_CONVERSION = YES;
				GCC_WARN_ABOUT_RETURN_TYPE = YES_ERROR;
				GCC_WARN_UNDECLARED_SELECTOR = YES;
				GCC_WARN_UNINITIALIZED_AUTOS = YES_AGGRESSIVE;
				GCC_WARN_UNUSED_FUNCTION = YES;
				GCC_WARN_UNUSED_VARIABLE = YES;
				IPHONEOS_DEPLOYMENT_TARGET = 17.2;
				LOCALIZATION_PREFERS_STRING_CATALOGS = YES;
				MTL_ENABLE_DEBUG_INFO = NO;
				MTL_FAST_MATH = YES;
				SDKROOT = iphoneos;
				SWIFT_COMPILATION_MODE = wholemodule;
				VALIDATE_PRODUCT = YES;
			};
			name = Release;
		};
		B415372A2B796EBE008191FA /* Debug */ = {
			isa = XCBuildConfiguration;
			buildSettings = {
				ASSETCATALOG_COMPILER_APPICON_NAME = AppIcon;
				ASSETCATALOG_COMPILER_GLOBAL_ACCENT_COLOR_NAME = AccentColor;
				CODE_SIGN_STYLE = Automatic;
				CURRENT_PROJECT_VERSION = 1;
				DEVELOPMENT_ASSET_PATHS = "\"Inventix/Preview Content\"";
				DEVELOPMENT_TEAM = ZTL7H4UB85;
				ENABLE_PREVIEWS = YES;
				GENERATE_INFOPLIST_FILE = YES;
				INFOPLIST_KEY_UIApplicationSceneManifest_Generation = YES;
				INFOPLIST_KEY_UIApplicationSupportsIndirectInputEvents = YES;
				INFOPLIST_KEY_UILaunchScreen_Generation = YES;
				INFOPLIST_KEY_UISupportedInterfaceOrientations_iPad = "UIInterfaceOrientationPortrait UIInterfaceOrientationPortraitUpsideDown UIInterfaceOrientationLandscapeLeft UIInterfaceOrientationLandscapeRight";
				INFOPLIST_KEY_UISupportedInterfaceOrientations_iPhone = "UIInterfaceOrientationPortrait UIInterfaceOrientationLandscapeLeft UIInterfaceOrientationLandscapeRight";
				LD_RUNPATH_SEARCH_PATHS = (
					"$(inherited)",
					"@executable_path/Frameworks",
				);
				MARKETING_VERSION = 1.0;
				PRODUCT_BUNDLE_IDENTIFIER = me.khanhchung.Inventix;
				PRODUCT_NAME = "$(TARGET_NAME)";
				SWIFT_EMIT_LOC_STRINGS = YES;
				SWIFT_VERSION = 5.0;
				TARGETED_DEVICE_FAMILY = "1,2";
			};
			name = Debug;
		};
		B415372B2B796EBE008191FA /* Release */ = {
			isa = XCBuildConfiguration;
			buildSettings = {
				ASSETCATALOG_COMPILER_APPICON_NAME = AppIcon;
				ASSETCATALOG_COMPILER_GLOBAL_ACCENT_COLOR_NAME = AccentColor;
				CODE_SIGN_STYLE = Automatic;
				CURRENT_PROJECT_VERSION = 1;
				DEVELOPMENT_ASSET_PATHS = "\"Inventix/Preview Content\"";
				DEVELOPMENT_TEAM = ZTL7H4UB85;
				ENABLE_PREVIEWS = YES;
				GENERATE_INFOPLIST_FILE = YES;
				INFOPLIST_KEY_UIApplicationSceneManifest_Generation = YES;
				INFOPLIST_KEY_UIApplicationSupportsIndirectInputEvents = YES;
				INFOPLIST_KEY_UILaunchScreen_Generation = YES;
				INFOPLIST_KEY_UISupportedInterfaceOrientations_iPad = "UIInterfaceOrientationPortrait UIInterfaceOrientationPortraitUpsideDown UIInterfaceOrientationLandscapeLeft UIInterfaceOrientationLandscapeRight";
				INFOPLIST_KEY_UISupportedInterfaceOrientations_iPhone = "UIInterfaceOrientationPortrait UIInterfaceOrientationLandscapeLeft UIInterfaceOrientationLandscapeRight";
				LD_RUNPATH_SEARCH_PATHS = (
					"$(inherited)",
					"@executable_path/Frameworks",
				);
				MARKETING_VERSION = 1.0;
				PRODUCT_BUNDLE_IDENTIFIER = me.khanhchung.Inventix;
				PRODUCT_NAME = "$(TARGET_NAME)";
				SWIFT_EMIT_LOC_STRINGS = YES;
				SWIFT_VERSION = 5.0;
				TARGETED_DEVICE_FAMILY = "1,2";
			};
			name = Release;
		};
/* End XCBuildConfiguration section */

/* Begin XCConfigurationList section */
		B41537162B796EBB008191FA /* Build configuration list for PBXProject "Inventix" */ = {
			isa = XCConfigurationList;
			buildConfigurations = (
				B41537272B796EBE008191FA /* Debug */,
				B41537282B796EBE008191FA /* Release */,
			);
			defaultConfigurationIsVisible = 0;
			defaultConfigurationName = Release;
		};
		B41537292B796EBE008191FA /* Build configuration list for PBXNativeTarget "Inventix" */ = {
			isa = XCConfigurationList;
			buildConfigurations = (
				B415372A2B796EBE008191FA /* Debug */,
				B415372B2B796EBE008191FA /* Release */,
			);
			defaultConfigurationIsVisible = 0;
			defaultConfigurationName = Release;
		};
/* End XCConfigurationList section */
	};
	rootObject = B41537132B796EBB008191FA /* Project object */;
}
